// !$*UTF8*$!
{
	archiveVersion = 1;
	classes = {
	};
	objectVersion = 46;
	objects = {

/* Begin PBXBuildFile section */
		AEF21D771EDB1A5A00EB6C24 /* AppDelegate.swift in Sources */ = {isa = PBXBuildFile; fileRef = AEF21D761EDB1A5A00EB6C24 /* AppDelegate.swift */; };
		AEF21D791EDB1A5A00EB6C24 /* ViewController.swift in Sources */ = {isa = PBXBuildFile; fileRef = AEF21D781EDB1A5A00EB6C24 /* ViewController.swift */; };
		AEF21D7C1EDB1A5A00EB6C24 /* Main.storyboard in Resources */ = {isa = PBXBuildFile; fileRef = AEF21D7A1EDB1A5A00EB6C24 /* Main.storyboard */; };
		AEF21D7E1EDB1A5A00EB6C24 /* Assets.xcassets in Resources */ = {isa = PBXBuildFile; fileRef = AEF21D7D1EDB1A5A00EB6C24 /* Assets.xcassets */; };
		AEF21D811EDB1A5A00EB6C24 /* LaunchScreen.storyboard in Resources */ = {isa = PBXBuildFile; fileRef = AEF21D7F1EDB1A5A00EB6C24 /* LaunchScreen.storyboard */; };
		AEF21D8A1EDC867800EB6C24 /* CalculatorBrain.swift in Sources */ = {isa = PBXBuildFile; fileRef = AEF21D891EDC867800EB6C24 /* CalculatorBrain.swift */; };
/* End PBXBuildFile section */

/* Begin PBXFileReference section */
		AEF21D731EDB1A5A00EB6C24 /* Calculator.app */ = {isa = PBXFileReference; explicitFileType = wrapper.application; includeInIndex = 0; path = Calculator.app; sourceTree = BUILT_PRODUCTS_DIR; };
		AEF21D761EDB1A5A00EB6C24 /* AppDelegate.swift */ = {isa = PBXFileReference; lastKnownFileType = sourcecode.swift; path = AppDelegate.swift; sourceTree = "<group>"; };
		AEF21D781EDB1A5A00EB6C24 /* ViewController.swift */ = {isa = PBXFileReference; lastKnownFileType = sourcecode.swift; path = ViewController.swift; sourceTree = "<group>"; };
		AEF21D7B1EDB1A5A00EB6C24 /* Base */ = {isa = PBXFileReference; lastKnownFileType = file.storyboard; name = Base; path = Base.lproj/Main.storyboard; sourceTree = "<group>"; };
		AEF21D7D1EDB1A5A00EB6C24 /* Assets.xcassets */ = {isa = PBXFileReference; lastKnownFileType = folder.assetcatalog; path = Assets.xcassets; sourceTree = "<group>"; };
		AEF21D801EDB1A5A00EB6C24 /* Base */ = {isa = PBXFileReference; lastKnownFileType = file.storyboard; name = Base; path = Base.lproj/LaunchScreen.storyboard; sourceTree = "<group>"; };
		AEF21D821EDB1A5A00EB6C24 /* Info.plist */ = {isa = PBXFileReference; lastKnownFileType = text.plist.xml; path = Info.plist; sourceTree = "<group>"; };
		AEF21D891EDC867800EB6C24 /* CalculatorBrain.swift */ = {isa = PBXFileReference; fileEncoding = 4; lastKnownFileType = sourcecode.swift; path = CalculatorBrain.swift; sourceTree = SOURCE_ROOT; };
/* End PBXFileReference section */

/* Begin PBXFrameworksBuildPhase section */
		AEF21D701EDB1A5A00EB6C24 /* Frameworks */ = {
			isa = PBXFrameworksBuildPhase;
			buildActionMask = 2147483647;
			files = (
			);
			runOnlyForDeploymentPostprocessing = 0;
		};
/* End PBXFrameworksBuildPhase section */

/* Begin PBXGroup section */
		AEF21D6A1EDB1A5A00EB6C24 = {
			isa = PBXGroup;
			children = (
				AEF21D751EDB1A5A00EB6C24 /* Calculator */,
				AEF21D741EDB1A5A00EB6C24 /* Products */,
			);
			sourceTree = "<group>";
		};
		AEF21D741EDB1A5A00EB6C24 /* Products */ = {
			isa = PBXGroup;
			children = (
				AEF21D731EDB1A5A00EB6C24 /* Calculator.app */,
			);
			name = Products;
			sourceTree = "<group>";
		};
		AEF21D751EDB1A5A00EB6C24 /* Calculator */ = {
			isa = PBXGroup;
			children = (
				AEF21D891EDC867800EB6C24 /* CalculatorBrain.swift */,
				AEF21D881EDB1DC200EB6C24 /* Supporting Files */,
				AEF21D7A1EDB1A5A00EB6C24 /* Main.storyboard */,
				AEF21D781EDB1A5A00EB6C24 /* ViewController.swift */,
			);
			path = Calculator;
			sourceTree = "<group>";
		};
		AEF21D881EDB1DC200EB6C24 /* Supporting Files */ = {
			isa = PBXGroup;
			children = (
				AEF21D761EDB1A5A00EB6C24 /* AppDelegate.swift */,
				AEF21D7D1EDB1A5A00EB6C24 /* Assets.xcassets */,
				AEF21D7F1EDB1A5A00EB6C24 /* LaunchScreen.storyboard */,
				AEF21D821EDB1A5A00EB6C24 /* Info.plist */,
			);
			name = "Supporting Files";
			sourceTree = "<group>";
		};
/* End PBXGroup section */

/* Begin PBXNativeTarget section */
		AEF21D721EDB1A5A00EB6C24 /* Calculator */ = {
			isa = PBXNativeTarget;
			buildConfigurationList = AEF21D851EDB1A5A00EB6C24 /* Build configuration list for PBXNativeTarget "Calculator" */;
			buildPhases = (
				AEF21D6F1EDB1A5A00EB6C24 /* Sources */,
				AEF21D701EDB1A5A00EB6C24 /* Frameworks */,
				AEF21D711EDB1A5A00EB6C24 /* Resources */,
			);
			buildRules = (
			);
			dependencies = (
			);
			name = Calculator;
			productName = Calculator;
			productReference = AEF21D731EDB1A5A00EB6C24 /* Calculator.app */;
			productType = "com.apple.product-type.application";
		};
/* End PBXNativeTarget section */

/* Begin PBXProject section */
		AEF21D6B1EDB1A5A00EB6C24 /* Project object */ = {
			isa = PBXProject;
			attributes = {
				LastSwiftUpdateCheck = 0830;
				LastUpgradeCheck = 0830;
				ORGANIZATIONNAME = "Rogier Nitschelm";
				TargetAttributes = {
					AEF21D721EDB1A5A00EB6C24 = {
						CreatedOnToolsVersion = 8.3.2;
						ProvisioningStyle = Automatic;
					};
				};
			};
			buildConfigurationList = AEF21D6E1EDB1A5A00EB6C24 /* Build configuration list for PBXProject "Calculator" */;
			compatibilityVersion = "Xcode 3.2";
			developmentRegion = English;
			hasScannedForEncodings = 0;
			knownRegions = (
				en,
				Base,
			);
			mainGroup = AEF21D6A1EDB1A5A00EB6C24;
			productRefGroup = AEF21D741EDB1A5A00EB6C24 /* Products */;
			projectDirPath = "";
			projectRoot = "";
			targets = (
				AEF21D721EDB1A5A00EB6C24 /* Calculator */,
			);
		};
/* End PBXProject section */

/* Begin PBXResourcesBuildPhase section */
		AEF21D711EDB1A5A00EB6C24 /* Resources */ = {
			isa = PBXResourcesBuildPhase;
			buildActionMask = 2147483647;
			files = (
				AEF21D811EDB1A5A00EB6C24 /* LaunchScreen.storyboard in Resources */,
				AEF21D7E1EDB1A5A00EB6C24 /* Assets.xcassets in Resources */,
				AEF21D7C1EDB1A5A00EB6C24 /* Main.storyboard in Resources */,
			);
			runOnlyForDeploymentPostprocessing = 0;
		};
/* End PBXResourcesBuildPhase section */

/* Begin PBXSourcesBuildPhase section */
		AEF21D6F1EDB1A5A00EB6C24 /* Sources */ = {
			isa = PBXSourcesBuildPhase;
			buildActionMask = 2147483647;
			files = (
				AEF21D8A1EDC867800EB6C24 /* CalculatorBrain.swift in Sources */,
				AEF21D791EDB1A5A00EB6C24 /* ViewController.swift in Sources */,
				AEF21D771EDB1A5A00EB6C24 /* AppDelegate.swift in Sources */,
			);
			runOnlyForDeploymentPostprocessing = 0;
		};
/* End PBXSourcesBuildPhase section */

/* Begin PBXVariantGroup section */
		AEF21D7A1EDB1A5A00EB6C24 /* Main.storyboard */ = {
			isa = PBXVariantGroup;
			children = (
				AEF21D7B1EDB1A5A00EB6C24 /* Base */,
			);
			name = Main.storyboard;
			sourceTree = "<group>";
		};
		AEF21D7F1EDB1A5A00EB6C24 /* LaunchScreen.storyboard */ = {
			isa = PBXVariantGroup;
			children = (
				AEF21D801EDB1A5A00EB6C24 /* Base */,
			);
			name = LaunchScreen.storyboard;
			sourceTree = "<group>";
		};
/* End PBXVariantGroup section */

/* Begin XCBuildConfiguration section */
		AEF21D831EDB1A5A00EB6C24 /* Debug */ = {
			isa = XCBuildConfiguration;
			buildSettings = {
				ALWAYS_SEARCH_USER_PATHS = NO;
				CLANG_ANALYZER_NONNULL = YES;
				CLANG_ANALYZER_NUMBER_OBJECT_CONVERSION = YES_AGGRESSIVE;
				CLANG_CXX_LANGUAGE_STANDARD = "gnu++0x";
				CLANG_CXX_LIBRARY = "libc++";
				CLANG_ENABLE_MODULES = YES;
				CLANG_ENABLE_OBJC_ARC = YES;
				CLANG_WARN_BOOL_CONVERSION = YES;
				CLANG_WARN_CONSTANT_CONVERSION = YES;
				CLANG_WARN_DIRECT_OBJC_ISA_USAGE = YES_ERROR;
				CLANG_WARN_DOCUMENTATION_COMMENTS = YES;
				CLANG_WARN_EMPTY_BODY = YES;
				CLANG_WARN_ENUM_CONVERSION = YES;
				CLANG_WARN_INFINITE_RECURSION = YES;
				CLANG_WARN_INT_CONVERSION = YES;
				CLANG_WARN_OBJC_ROOT_CLASS = YES_ERROR;
				CLANG_WARN_SUSPICIOUS_MOVE = YES;
				CLANG_WARN_UNREACHABLE_CODE = YES;
				CLANG_WARN__DUPLICATE_METHOD_MATCH = YES;
				"CODE_SIGN_IDENTITY[sdk=iphoneos*]" = "iPhone Developer";
				COPY_PHASE_STRIP = NO;
				DEBUG_INFORMATION_FORMAT = dwarf;
				ENABLE_STRICT_OBJC_MSGSEND = YES;
				ENABLE_TESTABILITY = YES;
				GCC_C_LANGUAGE_STANDARD = gnu99;
				GCC_DYNAMIC_NO_PIC = NO;
				GCC_NO_COMMON_BLOCKS = YES;
				GCC_OPTIMIZATION_LEVEL = 0;
				GCC_PREPROCESSOR_DEFINITIONS = (
					"DEBUG=1",
					"$(inherited)",
				);
				GCC_WARN_64_TO_32_BIT_CONVERSION = YES;
				GCC_WARN_ABOUT_RETURN_TYPE = YES_ERROR;
				GCC_WARN_UNDECLARED_SELECTOR = YES;
				GCC_WARN_UNINITIALIZED_AUTOS = YES_AGGRESSIVE;
				GCC_WARN_UNUSED_FUNCTION = YES;
				GCC_WARN_UNUSED_VARIABLE = YES;
				IPHONEOS_DEPLOYMENT_TARGET = 10.3;
				MTL_ENABLE_DEBUG_INFO = YES;
				ONLY_ACTIVE_ARCH = YES;
				SDKROOT = iphoneos;
				SWIFT_ACTIVE_COMPILATION_CONDITIONS = DEBUG;
				SWIFT_OPTIMIZATION_LEVEL = "-Onone";
				TARGETED_DEVICE_FAMILY = "1,2";
			};
			name = Debug;
		};
		AEF21D841EDB1A5A00EB6C24 /* Release */ = {
			isa = XCBuildConfiguration;
			buildSettings = {
				ALWAYS_SEARCH_USER_PATHS = NO;
				CLANG_ANALYZER_NONNULL = YES;
				CLANG_ANALYZER_NUMBER_OBJECT_CONVERSION = YES_AGGRESSIVE;
				CLANG_CXX_LANGUAGE_STANDARD = "gnu++0x";
				CLANG_CXX_LIBRARY = "libc++";
				CLANG_ENABLE_MODULES = YES;
				CLANG_ENABLE_OBJC_ARC = YES;
				CLANG_WARN_BOOL_CONVERSION = YES;
				CLANG_WARN_CONSTANT_CONVERSION = YES;
				CLANG_WARN_DIRECT_OBJC_ISA_USAGE = YES_ERROR;
				CLANG_WARN_DOCUMENTATION_COMMENTS = YES;
				CLANG_WARN_EMPTY_BODY = YES;
				CLANG_WARN_ENUM_CONVERSION = YES;
				CLANG_WARN_INFINITE_RECURSION = YES;
				CLANG_WARN_INT_CONVERSION = YES;
				CLANG_WARN_OBJC_ROOT_CLASS = YES_ERROR;
				CLANG_WARN_SUSPICIOUS_MOVE = YES;
				CLANG_WARN_UNREACHABLE_CODE = YES;
				CLANG_WARN__DUPLICATE_METHOD_MATCH = YES;
				"CODE_SIGN_IDENTITY[sdk=iphoneos*]" = "iPhone Developer";
				COPY_PHASE_STRIP = NO;
				DEBUG_INFORMATION_FORMAT = "dwarf-with-dsym";
				ENABLE_NS_ASSERTIONS = NO;
				ENABLE_STRICT_OBJC_MSGSEND = YES;
				GCC_C_LANGUAGE_STANDARD = gnu99;
				GCC_NO_COMMON_BLOCKS = YES;
				GCC_WARN_64_TO_32_BIT_CONVERSION = YES;
				GCC_WARN_ABOUT_RETURN_TYPE = YES_ERROR;
				GCC_WARN_UNDECLARED_SELECTOR = YES;
				GCC_WARN_UNINITIALIZED_AUTOS = YES_AGGRESSIVE;
				GCC_WARN_UNUSED_FUNCTION = YES;
				GCC_WARN_UNUSED_VARIABLE = YES;
				IPHONEOS_DEPLOYMENT_TARGET = 10.3;
				MTL_ENABLE_DEBUG_INFO = NO;
				SDKROOT = iphoneos;
				SWIFT_OPTIMIZATION_LEVEL = "-Owholemodule";
				TARGETED_DEVICE_FAMILY = "1,2";
				VALIDATE_PRODUCT = YES;
			};
			name = Release;
		};
		AEF21D861EDB1A5A00EB6C24 /* Debug */ = {
			isa = XCBuildConfiguration;
			buildSettings = {
				ASSETCATALOG_COMPILER_APPICON_NAME = AppIcon;
				INFOPLIST_FILE = Calculator/Info.plist;
				LD_RUNPATH_SEARCH_PATHS = "$(inherited) @executable_path/Frameworks";
				PRODUCT_BUNDLE_IDENTIFIER = rogiernitschelm.Calculator;
				PRODUCT_NAME = "$(TARGET_NAME)";
				SWIFT_VERSION = 3.0;
			};
			name = Debug;
		};
		AEF21D871EDB1A5A00EB6C24 /* Release */ = {
			isa = XCBuildConfiguration;
			buildSettings = {
				ASSETCATALOG_COMPILER_APPICON_NAME = AppIcon;
				INFOPLIST_FILE = Calculator/Info.plist;
				LD_RUNPATH_SEARCH_PATHS = "$(inherited) @executable_path/Frameworks";
				PRODUCT_BUNDLE_IDENTIFIER = rogiernitschelm.Calculator;
				PRODUCT_NAME = "$(TARGET_NAME)";
				SWIFT_VERSION = 3.0;
			};
			name = Release;
		};
/* End XCBuildConfiguration section */

/* Begin XCConfigurationList section */
		AEF21D6E1EDB1A5A00EB6C24 /* Build configuration list for PBXProject "Calculator" */ = {
			isa = XCConfigurationList;
			buildConfigurations = (
				AEF21D831EDB1A5A00EB6C24 /* Debug */,
				AEF21D841EDB1A5A00EB6C24 /* Release */,
			);
			defaultConfigurationIsVisible = 0;
			defaultConfigurationName = Release;
		};
		AEF21D851EDB1A5A00EB6C24 /* Build configuration list for PBXNativeTarget "Calculator" */ = {
			isa = XCConfigurationList;
			buildConfigurations = (
				AEF21D861EDB1A5A00EB6C24 /* Debug */,
				AEF21D871EDB1A5A00EB6C24 /* Release */,
			);
			defaultConfigurationIsVisible = 0;
			defaultConfigurationName = Release;
		};
/* End XCConfigurationList section */
	};
	rootObject = AEF21D6B1EDB1A5A00EB6C24 /* Project object */;
}
